PODS:
  - Flutter (1.0.0)
  - flutter_barcode_scanner (1.0.1):
    - Flutter
  - flutter_inappwebview (0.0.1):
    - Flutter
  - flutter_web_browser (0.13.1):
    - Flutter

DEPENDENCIES:
  - Flutter (from `Flutter`)
  - flutter_barcode_scanner (from `.symlinks/plugins/flutter_barcode_scanner/ios`)
  - flutter_inappwebview (from `.symlinks/plugins/flutter_inappwebview/ios`)
  - flutter_web_browser (from `.symlinks/plugins/flutter_web_browser/ios`)

EXTERNAL SOURCES:
  Flutter:
    :path: Flutter
  flutter_barcode_scanner:
    :path: ".symlinks/plugins/flutter_barcode_scanner/ios"
  flutter_inappwebview:
    :path: ".symlinks/plugins/flutter_inappwebview/ios"
  flutter_web_browser:
    :path: ".symlinks/plugins/flutter_web_browser/ios"

SPEC CHECKSUMS:
  Flutter: 0e3d915762c693b495b44d77113d4970485de6ec
  flutter_barcode_scanner: 49cd22fac3304077a6c1672f63bee4a2572ffd85
  flutter_inappwebview: 69dfbac46157b336ffbec19ca6dfd4638c7bf189
  flutter_web_browser: cf735f704b5d72449e6ea1cb65a7da102aa9123a

PODFILE CHECKSUM: 4e8f8b2be68aeea4c0d5beb6ff1e79fface1d048

COCOAPODS: 1.10.0
